{
  "name": "Nutricax",
  "lockfileVersion": 2,
  "requires": true,
  "packages": {
    "": {
      "dependencies": {
        "@srexi/purecounterjs": "^1.5.0"
      }
    },
    "node_modules/@srexi/purecounterjs": {
      "version": "1.5.0",
      "resolved": "https://registry.npmjs.org/@srexi/purecounterjs/-/purecounterjs-1.5.0.tgz",
      "integrity": "sha512-9ggIhaiR2O0MGq3l+rBsApanj0OM+lgY78+2Zx271Cy1QZSsMRwKyphy7NiBeVYimL8/mMvGhipR8yhAzylcXg=="
    }
  },
  "dependencies": {
    "@srexi/purecounterjs": {
      "version": "1.5.0",
      "resolved": "https://registry.npmjs.org/@srexi/purecounterjs/-/purecounterjs-1.5.0.tgz",
      "integrity": "sha512-9ggIhaiR2O0MGq3l+rBsApanj0OM+lgY78+2Zx271Cy1QZSsMRwKyphy7NiBeVYimL8/mMvGhipR8yhAzylcXg=="
    }
  }
}
